
Microsoft Visual Studio Solution File, Format Version 11.00
# Visual C# Express 2010
Project("{FAE04EC0-301F-11D3-BF4B-00C04F79EFBC}") = "GeckoWebBrowser", "GeckoWebBrowser\GeckoWebBrowser.csproj", "{715AED22-293F-4E3E-AAB1-31D3ADC64836}"
EndProject
Global
	GlobalSection(SolutionConfigurationPlatforms) = preSolution
		Debug|x86 = Debug|x86
		Release|x86 = Release|x86
	EndGlobalSection
	GlobalSection(ProjectConfigurationPlatforms) = postSolution
		{715AED22-293F-4E3E-AAB1-31D3ADC64836}.Debug|x86.ActiveCfg = Debug|x86
		{715AED22-293F-4E3E-AAB1-31D3ADC64836}.Debug|x86.Build.0 = Debug|x86
		{715AED22-293F-4E3E-AAB1-31D3ADC64836}.Release|x86.ActiveCfg = Release|x86
		{715AED22-293F-4E3E-AAB1-31D3ADC64836}.Release|x86.Build.0 = Release|x86
	EndGlobalSection
	GlobalSection(SolutionProperties) = preSolution
		HideSolutionNode = FALSE
	EndGlobalSection
EndGlobal
